
Microsoft Visual Studio Solution File, Format Version 12.00
# Visual Studio 2012
Project("{FAE04EC0-301F-11D3-BF4B-00C04F79EFBC}") = "MvcApplication5", "MvcApplication5\MvcApplication5.csproj", "{71048873-9DAF-4E85-B157-446391F4119D}"
EndProject
Project("{2150E333-8FDC-42A3-9474-1A3956D46DE8}") = "Capas", "Capas", "{0D77F351-F95D-4DE1-AFA5-7083CB8DCC2E}"
EndProject
Project("{2150E333-8FDC-42A3-9474-1A3956D46DE8}") = "1.1Presentacion", "1.1Presentacion", "{A00AC44A-67F9-48DA-8E62-EF78D5FE1AB1}"
EndProject
Project("{2150E333-8FDC-42A3-9474-1A3956D46DE8}") = "Web", "Web", "{F0F7D058-DF07-411A-9F35-AF96E3907444}"
EndProject
Project("{2150E333-8FDC-42A3-9474-1A3956D46DE8}") = "ASP.NET MVC", "ASP.NET MVC", "{348862E9-E7C2-499F-82B3-2A4E1A576433}"
EndProject
Project("{2150E333-8FDC-42A3-9474-1A3956D46DE8}") = "1.2 Servicios", "1.2 Servicios", "{62FA3BF3-4435-41A9-9B38-EF5394555830}"
EndProject
Project("{2150E333-8FDC-42A3-9474-1A3956D46DE8}") = "1.3 Dominio", "1.3 Dominio", "{9BEF9B68-1F4A-4428-A1BC-AAD1B718292C}"
EndProject
Project("{2150E333-8FDC-42A3-9474-1A3956D46DE8}") = "Core", "Core", "{489E72CB-11C4-412C-BBFD-E25D378989CE}"
EndProject
Project("{2150E333-8FDC-42A3-9474-1A3956D46DE8}") = "Main Module", "Main Module", "{6441B91E-C739-4B23-A683-00E3B7702998}"
EndProject
Project("{2150E333-8FDC-42A3-9474-1A3956D46DE8}") = "1.4 Infraestructura", "1.4 Infraestructura", "{1EEA9F75-D72A-4C2D-9825-9CF87C8CDD86}"
EndProject
Project("{FAE04EC0-301F-11D3-BF4B-00C04F79EFBC}") = "Dominio.Core.Entities", "Dominio.Core.Entities\Dominio.Core.Entities.csproj", "{EDB8AAA5-10AF-4C81-ADCF-CFE2E2292113}"
EndProject
Project("{FAE04EC0-301F-11D3-BF4B-00C04F79EFBC}") = "Dominio.Main.Module", "Dominio.Main.Module\Dominio.Main.Module.csproj", "{1679C7BF-7DA6-463E-B226-70B07F1B9470}"
EndProject
Project("{FAE04EC0-301F-11D3-BF4B-00C04F79EFBC}") = "Infraestructura.Data.SQLServer", "Infraestructura.Data.SQLServer\Infraestructura.Data.SQLServer.csproj", "{0AB11AF6-8A88-4B1F-897A-352DD2D13E6F}"
EndProject
Global
	GlobalSection(SolutionConfigurationPlatforms) = preSolution
		Debug|Any CPU = Debug|Any CPU
		Release|Any CPU = Release|Any CPU
	EndGlobalSection
	GlobalSection(ProjectConfigurationPlatforms) = postSolution
		{71048873-9DAF-4E85-B157-446391F4119D}.Debug|Any CPU.ActiveCfg = Debug|Any CPU
		{71048873-9DAF-4E85-B157-446391F4119D}.Debug|Any CPU.Build.0 = Debug|Any CPU
		{71048873-9DAF-4E85-B157-446391F4119D}.Release|Any CPU.ActiveCfg = Release|Any CPU
		{71048873-9DAF-4E85-B157-446391F4119D}.Release|Any CPU.Build.0 = Release|Any CPU
		{EDB8AAA5-10AF-4C81-ADCF-CFE2E2292113}.Debug|Any CPU.ActiveCfg = Debug|Any CPU
		{EDB8AAA5-10AF-4C81-ADCF-CFE2E2292113}.Debug|Any CPU.Build.0 = Debug|Any CPU
		{EDB8AAA5-10AF-4C81-ADCF-CFE2E2292113}.Release|Any CPU.ActiveCfg = Release|Any CPU
		{EDB8AAA5-10AF-4C81-ADCF-CFE2E2292113}.Release|Any CPU.Build.0 = Release|Any CPU
		{1679C7BF-7DA6-463E-B226-70B07F1B9470}.Debug|Any CPU.ActiveCfg = Debug|Any CPU
		{1679C7BF-7DA6-463E-B226-70B07F1B9470}.Debug|Any CPU.Build.0 = Debug|Any CPU
		{1679C7BF-7DA6-463E-B226-70B07F1B9470}.Release|Any CPU.ActiveCfg = Release|Any CPU
		{1679C7BF-7DA6-463E-B226-70B07F1B9470}.Release|Any CPU.Build.0 = Release|Any CPU
		{0AB11AF6-8A88-4B1F-897A-352DD2D13E6F}.Debug|Any CPU.ActiveCfg = Debug|Any CPU
		{0AB11AF6-8A88-4B1F-897A-352DD2D13E6F}.Debug|Any CPU.Build.0 = Debug|Any CPU
		{0AB11AF6-8A88-4B1F-897A-352DD2D13E6F}.Release|Any CPU.ActiveCfg = Release|Any CPU
		{0AB11AF6-8A88-4B1F-897A-352DD2D13E6F}.Release|Any CPU.Build.0 = Release|Any CPU
	EndGlobalSection
	GlobalSection(SolutionProperties) = preSolution
		HideSolutionNode = FALSE
	EndGlobalSection
	GlobalSection(NestedProjects) = preSolution
		{A00AC44A-67F9-48DA-8E62-EF78D5FE1AB1} = {0D77F351-F95D-4DE1-AFA5-7083CB8DCC2E}
		{62FA3BF3-4435-41A9-9B38-EF5394555830} = {0D77F351-F95D-4DE1-AFA5-7083CB8DCC2E}
		{9BEF9B68-1F4A-4428-A1BC-AAD1B718292C} = {0D77F351-F95D-4DE1-AFA5-7083CB8DCC2E}
		{1EEA9F75-D72A-4C2D-9825-9CF87C8CDD86} = {0D77F351-F95D-4DE1-AFA5-7083CB8DCC2E}
		{F0F7D058-DF07-411A-9F35-AF96E3907444} = {A00AC44A-67F9-48DA-8E62-EF78D5FE1AB1}
		{348862E9-E7C2-499F-82B3-2A4E1A576433} = {F0F7D058-DF07-411A-9F35-AF96E3907444}
		{71048873-9DAF-4E85-B157-446391F4119D} = {348862E9-E7C2-499F-82B3-2A4E1A576433}
		{489E72CB-11C4-412C-BBFD-E25D378989CE} = {9BEF9B68-1F4A-4428-A1BC-AAD1B718292C}
		{6441B91E-C739-4B23-A683-00E3B7702998} = {9BEF9B68-1F4A-4428-A1BC-AAD1B718292C}
		{EDB8AAA5-10AF-4C81-ADCF-CFE2E2292113} = {489E72CB-11C4-412C-BBFD-E25D378989CE}
		{1679C7BF-7DA6-463E-B226-70B07F1B9470} = {6441B91E-C739-4B23-A683-00E3B7702998}
		{0AB11AF6-8A88-4B1F-897A-352DD2D13E6F} = {1EEA9F75-D72A-4C2D-9825-9CF87C8CDD86}
	EndGlobalSection
EndGlobal
